// !$*UTF8*$!
{
	archiveVersion = 1;
	classes = {
	};
	objectVersion = 46;
	objects = {

/* Begin PBXBuildFile section */
		575C36751B28AFFF00665899 /* NSData+Base64.m in Sources */ = {isa = PBXBuildFile; fileRef = 575C36741B28AFFF00665899 /* NSData+Base64.m */; };
		579261551B0CDCFC001910D7 /* main.m in Sources */ = {isa = PBXBuildFile; fileRef = 579261541B0CDCFC001910D7 /* main.m */; };
		579261581B0CDCFC001910D7 /* AppDelegate.m in Sources */ = {isa = PBXBuildFile; fileRef = 579261571B0CDCFC001910D7 /* AppDelegate.m */; };
		579261611B0CDCFC001910D7 /* Main.storyboard in Resources */ = {isa = PBXBuildFile; fileRef = 5792615F1B0CDCFC001910D7 /* Main.storyboard */; };
		579261661B0CDCFC001910D7 /* LaunchScreen.xib in Resources */ = {isa = PBXBuildFile; fileRef = 579261641B0CDCFC001910D7 /* LaunchScreen.xib */; };
		579261721B0CDCFC001910D7 /* alstom_alarmTests.m in Sources */ = {isa = PBXBuildFile; fileRef = 579261711B0CDCFC001910D7 /* alstom_alarmTests.m */; };
		5792617C1B0D3FFB001910D7 /* Images.xcassets in Resources */ = {isa = PBXBuildFile; fileRef = 5792617B1B0D3FFB001910D7 /* Images.xcassets */; };
		579261831B0D43FC001910D7 /* DataFetcher.m in Sources */ = {isa = PBXBuildFile; fileRef = 579261821B0D43FC001910D7 /* DataFetcher.m */; };
		579261861B0D443B001910D7 /* Train.m in Sources */ = {isa = PBXBuildFile; fileRef = 579261851B0D443B001910D7 /* Train.m */; };
		579261891B0D49EC001910D7 /* Alarm.m in Sources */ = {isa = PBXBuildFile; fileRef = 579261881B0D49EC001910D7 /* Alarm.m */; };
		5792618C1B0D567F001910D7 /* TrainTableViewController.m in Sources */ = {isa = PBXBuildFile; fileRef = 5792618B1B0D567F001910D7 /* TrainTableViewController.m */; };
		5792618F1B0E795A001910D7 /* AlarmTableViewController.m in Sources */ = {isa = PBXBuildFile; fileRef = 5792618E1B0E795A001910D7 /* AlarmTableViewController.m */; };
		579261921B0E7C64001910D7 /* EntityDescViewController.m in Sources */ = {isa = PBXBuildFile; fileRef = 579261911B0E7C64001910D7 /* EntityDescViewController.m */; };
		579261951B0E7C88001910D7 /* EntityContainerViewController.m in Sources */ = {isa = PBXBuildFile; fileRef = 579261941B0E7C88001910D7 /* EntityContainerViewController.m */; };
		5792619B1B0E9A73001910D7 /* EquipmentViewController.m in Sources */ = {isa = PBXBuildFile; fileRef = 5792619A1B0E9A73001910D7 /* EquipmentViewController.m */; };
		5792619E1B0F0B56001910D7 /* Equipment.m in Sources */ = {isa = PBXBuildFile; fileRef = 5792619D1B0F0B56001910D7 /* Equipment.m */; };
		579261A11B0F1268001910D7 /* UIView+StringIdentifiedUIView.m in Sources */ = {isa = PBXBuildFile; fileRef = 579261A01B0F1268001910D7 /* UIView+StringIdentifiedUIView.m */; };
		57C407A91B1062DC002B6FBE /* NYOBetterZoomUIScrollView.m in Sources */ = {isa = PBXBuildFile; fileRef = 57C407A81B1062DC002B6FBE /* NYOBetterZoomUIScrollView.m */; };
/* End PBXBuildFile section */

/* Begin PBXContainerItemProxy section */
		5792616C1B0CDCFC001910D7 /* PBXContainerItemProxy */ = {
			isa = PBXContainerItemProxy;
			containerPortal = 579261471B0CDCFC001910D7 /* Project object */;
			proxyType = 1;
			remoteGlobalIDString = 5792614E1B0CDCFC001910D7;
			remoteInfo = "alstom-alarm";
		};
/* End PBXContainerItemProxy section */

/* Begin PBXFileReference section */
		575C36731B28AFFF00665899 /* NSData+Base64.h */ = {isa = PBXFileReference; fileEncoding = 4; lastKnownFileType = sourcecode.c.h; path = "NSData+Base64.h"; sourceTree = "<group>"; };
		575C36741B28AFFF00665899 /* NSData+Base64.m */ = {isa = PBXFileReference; fileEncoding = 4; lastKnownFileType = sourcecode.c.objc; path = "NSData+Base64.m"; sourceTree = "<group>"; };
		5792614F1B0CDCFC001910D7 /* alstom-alarm.app */ = {isa = PBXFileReference; explicitFileType = wrapper.application; includeInIndex = 0; path = "alstom-alarm.app"; sourceTree = BUILT_PRODUCTS_DIR; };
		579261531B0CDCFC001910D7 /* Info.plist */ = {isa = PBXFileReference; lastKnownFileType = text.plist.xml; path = Info.plist; sourceTree = "<group>"; };
		579261541B0CDCFC001910D7 /* main.m */ = {isa = PBXFileReference; lastKnownFileType = sourcecode.c.objc; path = main.m; sourceTree = "<group>"; };
		579261561B0CDCFC001910D7 /* AppDelegate.h */ = {isa = PBXFileReference; lastKnownFileType = sourcecode.c.h; path = AppDelegate.h; sourceTree = "<group>"; };
		579261571B0CDCFC001910D7 /* AppDelegate.m */ = {isa = PBXFileReference; lastKnownFileType = sourcecode.c.objc; path = AppDelegate.m; sourceTree = "<group>"; };
		579261601B0CDCFC001910D7 /* Base */ = {isa = PBXFileReference; lastKnownFileType = file.storyboard; name = Base; path = Base.lproj/Main.storyboard; sourceTree = "<group>"; };
		579261651B0CDCFC001910D7 /* Base */ = {isa = PBXFileReference; lastKnownFileType = file.xib; name = Base; path = Base.lproj/LaunchScreen.xib; sourceTree = "<group>"; };
		5792616B1B0CDCFC001910D7 /* alstom-alarmTests.xctest */ = {isa = PBXFileReference; explicitFileType = wrapper.cfbundle; includeInIndex = 0; path = "alstom-alarmTests.xctest"; sourceTree = BUILT_PRODUCTS_DIR; };
		579261701B0CDCFC001910D7 /* Info.plist */ = {isa = PBXFileReference; lastKnownFileType = text.plist.xml; path = Info.plist; sourceTree = "<group>"; };
		579261711B0CDCFC001910D7 /* alstom_alarmTests.m */ = {isa = PBXFileReference; lastKnownFileType = sourcecode.c.objc; path = alstom_alarmTests.m; sourceTree = "<group>"; };
		5792617B1B0D3FFB001910D7 /* Images.xcassets */ = {isa = PBXFileReference; lastKnownFileType = folder.assetcatalog; path = Images.xcassets; sourceTree = "<group>"; };
		579261811B0D43FC001910D7 /* DataFetcher.h */ = {isa = PBXFileReference; fileEncoding = 4; lastKnownFileType = sourcecode.c.h; path = DataFetcher.h; sourceTree = "<group>"; };
		579261821B0D43FC001910D7 /* DataFetcher.m */ = {isa = PBXFileReference; fileEncoding = 4; lastKnownFileType = sourcecode.c.objc; path = DataFetcher.m; sourceTree = "<group>"; };
		579261841B0D443B001910D7 /* Train.h */ = {isa = PBXFileReference; fileEncoding = 4; lastKnownFileType = sourcecode.c.h; path = Train.h; sourceTree = "<group>"; };
		579261851B0D443B001910D7 /* Train.m */ = {isa = PBXFileReference; fileEncoding = 4; lastKnownFileType = sourcecode.c.objc; path = Train.m; sourceTree = "<group>"; };
		579261871B0D49EC001910D7 /* Alarm.h */ = {isa = PBXFileReference; fileEncoding = 4; lastKnownFileType = sourcecode.c.h; path = Alarm.h; sourceTree = "<group>"; };
		579261881B0D49EC001910D7 /* Alarm.m */ = {isa = PBXFileReference; fileEncoding = 4; lastKnownFileType = sourcecode.c.objc; path = Alarm.m; sourceTree = "<group>"; };
		5792618A1B0D567F001910D7 /* TrainTableViewController.h */ = {isa = PBXFileReference; fileEncoding = 4; lastKnownFileType = sourcecode.c.h; path = TrainTableViewController.h; sourceTree = "<group>"; };
		5792618B1B0D567F001910D7 /* TrainTableViewController.m */ = {isa = PBXFileReference; fileEncoding = 4; lastKnownFileType = sourcecode.c.objc; path = TrainTableViewController.m; sourceTree = "<group>"; };
		5792618D1B0E795A001910D7 /* AlarmTableViewController.h */ = {isa = PBXFileReference; fileEncoding = 4; lastKnownFileType = sourcecode.c.h; path = AlarmTableViewController.h; sourceTree = "<group>"; };
		5792618E1B0E795A001910D7 /* AlarmTableViewController.m */ = {isa = PBXFileReference; fileEncoding = 4; lastKnownFileType = sourcecode.c.objc; path = AlarmTableViewController.m; sourceTree = "<group>"; };
		579261901B0E7C64001910D7 /* EntityDescViewController.h */ = {isa = PBXFileReference; fileEncoding = 4; lastKnownFileType = sourcecode.c.h; path = EntityDescViewController.h; sourceTree = "<group>"; };
		579261911B0E7C64001910D7 /* EntityDescViewController.m */ = {isa = PBXFileReference; fileEncoding = 4; lastKnownFileType = sourcecode.c.objc; path = EntityDescViewController.m; sourceTree = "<group>"; };
		579261931B0E7C88001910D7 /* EntityContainerViewController.h */ = {isa = PBXFileReference; fileEncoding = 4; lastKnownFileType = sourcecode.c.h; path = EntityContainerViewController.h; sourceTree = "<group>"; };
		579261941B0E7C88001910D7 /* EntityContainerViewController.m */ = {isa = PBXFileReference; fileEncoding = 4; lastKnownFileType = sourcecode.c.objc; path = EntityContainerViewController.m; sourceTree = "<group>"; };
		579261961B0E7D64001910D7 /* Entity.h */ = {isa = PBXFileReference; fileEncoding = 4; lastKnownFileType = sourcecode.c.h; path = Entity.h; sourceTree = "<group>"; };
		579261991B0E9A73001910D7 /* EquipmentViewController.h */ = {isa = PBXFileReference; fileEncoding = 4; lastKnownFileType = sourcecode.c.h; path = EquipmentViewController.h; sourceTree = "<group>"; };
		5792619A1B0E9A73001910D7 /* EquipmentViewController.m */ = {isa = PBXFileReference; fileEncoding = 4; lastKnownFileType = sourcecode.c.objc; path = EquipmentViewController.m; sourceTree = "<group>"; };
		5792619C1B0F0B56001910D7 /* Equipment.h */ = {isa = PBXFileReference; fileEncoding = 4; lastKnownFileType = sourcecode.c.h; path = Equipment.h; sourceTree = "<group>"; };
		5792619D1B0F0B56001910D7 /* Equipment.m */ = {isa = PBXFileReference; fileEncoding = 4; lastKnownFileType = sourcecode.c.objc; path = Equipment.m; sourceTree = "<group>"; };
		5792619F1B0F1268001910D7 /* UIView+StringIdentifiedUIView.h */ = {isa = PBXFileReference; fileEncoding = 4; lastKnownFileType = sourcecode.c.h; path = "UIView+StringIdentifiedUIView.h"; sourceTree = "<group>"; };
		579261A01B0F1268001910D7 /* UIView+StringIdentifiedUIView.m */ = {isa = PBXFileReference; fileEncoding = 4; lastKnownFileType = sourcecode.c.objc; path = "UIView+StringIdentifiedUIView.m"; sourceTree = "<group>"; };
		57C407A71B1062DC002B6FBE /* NYOBetterZoomUIScrollView.h */ = {isa = PBXFileReference; fileEncoding = 4; lastKnownFileType = sourcecode.c.h; path = NYOBetterZoomUIScrollView.h; sourceTree = "<group>"; };
		57C407A81B1062DC002B6FBE /* NYOBetterZoomUIScrollView.m */ = {isa = PBXFileReference; fileEncoding = 4; lastKnownFileType = sourcecode.c.objc; path = NYOBetterZoomUIScrollView.m; sourceTree = "<group>"; };
/* End PBXFileReference section */

/* Begin PBXFrameworksBuildPhase section */
		5792614C1B0CDCFC001910D7 /* Frameworks */ = {
			isa = PBXFrameworksBuildPhase;
			buildActionMask = 2147483647;
			files = (
			);
			runOnlyForDeploymentPostprocessing = 0;
		};
		579261681B0CDCFC001910D7 /* Frameworks */ = {
			isa = PBXFrameworksBuildPhase;
			buildActionMask = 2147483647;
			files = (
			);
			runOnlyForDeploymentPostprocessing = 0;
		};
/* End PBXFrameworksBuildPhase section */

/* Begin PBXGroup section */
		579261461B0CDCFC001910D7 = {
			isa = PBXGroup;
			children = (
				579261511B0CDCFC001910D7 /* alstom-alarm */,
				5792616E1B0CDCFC001910D7 /* alstom-alarmTests */,
				579261501B0CDCFC001910D7 /* Products */,
			);
			sourceTree = "<group>";
		};
		579261501B0CDCFC001910D7 /* Products */ = {
			isa = PBXGroup;
			children = (
				5792614F1B0CDCFC001910D7 /* alstom-alarm.app */,
				5792616B1B0CDCFC001910D7 /* alstom-alarmTests.xctest */,
			);
			name = Products;
			sourceTree = "<group>";
		};
		579261511B0CDCFC001910D7 /* alstom-alarm */ = {
			isa = PBXGroup;
			children = (
				5792617D1B0D43B7001910D7 /* Utils */,
				579261561B0CDCFC001910D7 /* AppDelegate.h */,
				579261571B0CDCFC001910D7 /* AppDelegate.m */,
				5792618A1B0D567F001910D7 /* TrainTableViewController.h */,
				5792618B1B0D567F001910D7 /* TrainTableViewController.m */,
				579261991B0E9A73001910D7 /* EquipmentViewController.h */,
				5792619A1B0E9A73001910D7 /* EquipmentViewController.m */,
				579261931B0E7C88001910D7 /* EntityContainerViewController.h */,
				579261941B0E7C88001910D7 /* EntityContainerViewController.m */,
				579261901B0E7C64001910D7 /* EntityDescViewController.h */,
				579261911B0E7C64001910D7 /* EntityDescViewController.m */,
				5792618D1B0E795A001910D7 /* AlarmTableViewController.h */,
				5792618E1B0E795A001910D7 /* AlarmTableViewController.m */,
				5792615F1B0CDCFC001910D7 /* Main.storyboard */,
				579261641B0CDCFC001910D7 /* LaunchScreen.xib */,
				5792617B1B0D3FFB001910D7 /* Images.xcassets */,
				579261521B0CDCFC001910D7 /* Supporting Files */,
			);
			path = "alstom-alarm";
			sourceTree = "<group>";
		};
		579261521B0CDCFC001910D7 /* Supporting Files */ = {
			isa = PBXGroup;
			children = (
				579261531B0CDCFC001910D7 /* Info.plist */,
				579261541B0CDCFC001910D7 /* main.m */,
			);
			name = "Supporting Files";
			sourceTree = "<group>";
		};
		5792616E1B0CDCFC001910D7 /* alstom-alarmTests */ = {
			isa = PBXGroup;
			children = (
				579261711B0CDCFC001910D7 /* alstom_alarmTests.m */,
				5792616F1B0CDCFC001910D7 /* Supporting Files */,
			);
			path = "alstom-alarmTests";
			sourceTree = "<group>";
		};
		5792616F1B0CDCFC001910D7 /* Supporting Files */ = {
			isa = PBXGroup;
			children = (
				579261701B0CDCFC001910D7 /* Info.plist */,
			);
			name = "Supporting Files";
			sourceTree = "<group>";
		};
		5792617D1B0D43B7001910D7 /* Utils */ = {
			isa = PBXGroup;
			children = (
				575C36731B28AFFF00665899 /* NSData+Base64.h */,
				575C36741B28AFFF00665899 /* NSData+Base64.m */,
				57C407A71B1062DC002B6FBE /* NYOBetterZoomUIScrollView.h */,
				57C407A81B1062DC002B6FBE /* NYOBetterZoomUIScrollView.m */,
				579261841B0D443B001910D7 /* Train.h */,
				579261851B0D443B001910D7 /* Train.m */,
				579261811B0D43FC001910D7 /* DataFetcher.h */,
				579261821B0D43FC001910D7 /* DataFetcher.m */,
				579261871B0D49EC001910D7 /* Alarm.h */,
				579261881B0D49EC001910D7 /* Alarm.m */,
				579261961B0E7D64001910D7 /* Entity.h */,
				5792619C1B0F0B56001910D7 /* Equipment.h */,
				5792619D1B0F0B56001910D7 /* Equipment.m */,
				5792619F1B0F1268001910D7 /* UIView+StringIdentifiedUIView.h */,
				579261A01B0F1268001910D7 /* UIView+StringIdentifiedUIView.m */,
			);
			name = Utils;
			sourceTree = "<group>";
		};
/* End PBXGroup section */

/* Begin PBXNativeTarget section */
		5792614E1B0CDCFC001910D7 /* alstom-alarm */ = {
			isa = PBXNativeTarget;
			buildConfigurationList = 579261751B0CDCFC001910D7 /* Build configuration list for PBXNativeTarget "alstom-alarm" */;
			buildPhases = (
				5792614B1B0CDCFC001910D7 /* Sources */,
				5792614C1B0CDCFC001910D7 /* Frameworks */,
				5792614D1B0CDCFC001910D7 /* Resources */,
			);
			buildRules = (
			);
			dependencies = (
			);
			name = "alstom-alarm";
			productName = "alstom-alarm";
			productReference = 5792614F1B0CDCFC001910D7 /* alstom-alarm.app */;
			productType = "com.apple.product-type.application";
		};
		5792616A1B0CDCFC001910D7 /* alstom-alarmTests */ = {
			isa = PBXNativeTarget;
			buildConfigurationList = 579261781B0CDCFC001910D7 /* Build configuration list for PBXNativeTarget "alstom-alarmTests" */;
			buildPhases = (
				579261671B0CDCFC001910D7 /* Sources */,
				579261681B0CDCFC001910D7 /* Frameworks */,
				579261691B0CDCFC001910D7 /* Resources */,
			);
			buildRules = (
			);
			dependencies = (
				5792616D1B0CDCFC001910D7 /* PBXTargetDependency */,
			);
			name = "alstom-alarmTests";
			productName = "alstom-alarmTests";
			productReference = 5792616B1B0CDCFC001910D7 /* alstom-alarmTests.xctest */;
			productType = "com.apple.product-type.bundle.unit-test";
		};
/* End PBXNativeTarget section */

/* Begin PBXProject section */
		579261471B0CDCFC001910D7 /* Project object */ = {
			isa = PBXProject;
			attributes = {
				LastUpgradeCheck = 0630;
				ORGANIZATIONNAME = j2s;
				TargetAttributes = {
					5792614E1B0CDCFC001910D7 = {
						CreatedOnToolsVersion = 6.3.1;
					};
					5792616A1B0CDCFC001910D7 = {
						CreatedOnToolsVersion = 6.3.1;
						TestTargetID = 5792614E1B0CDCFC001910D7;
					};
				};
			};
			buildConfigurationList = 5792614A1B0CDCFC001910D7 /* Build configuration list for PBXProject "alstom-alarm" */;
			compatibilityVersion = "Xcode 3.2";
			developmentRegion = English;
			hasScannedForEncodings = 0;
			knownRegions = (
				en,
				Base,
			);
			mainGroup = 579261461B0CDCFC001910D7;
			productRefGroup = 579261501B0CDCFC001910D7 /* Products */;
			projectDirPath = "";
			projectRoot = "";
			targets = (
				5792614E1B0CDCFC001910D7 /* alstom-alarm */,
				5792616A1B0CDCFC001910D7 /* alstom-alarmTests */,
			);
		};
/* End PBXProject section */

/* Begin PBXResourcesBuildPhase section */
		5792614D1B0CDCFC001910D7 /* Resources */ = {
			isa = PBXResourcesBuildPhase;
			buildActionMask = 2147483647;
			files = (
				5792617C1B0D3FFB001910D7 /* Images.xcassets in Resources */,
				579261611B0CDCFC001910D7 /* Main.storyboard in Resources */,
				579261661B0CDCFC001910D7 /* LaunchScreen.xib in Resources */,
			);
			runOnlyForDeploymentPostprocessing = 0;
		};
		579261691B0CDCFC001910D7 /* Resources */ = {
			isa = PBXResourcesBuildPhase;
			buildActionMask = 2147483647;
			files = (
			);
			runOnlyForDeploymentPostprocessing = 0;
		};
/* End PBXResourcesBuildPhase section */

/* Begin PBXSourcesBuildPhase section */
		5792614B1B0CDCFC001910D7 /* Sources */ = {
			isa = PBXSourcesBuildPhase;
			buildActionMask = 2147483647;
			files = (
				579261861B0D443B001910D7 /* Train.m in Sources */,
				579261951B0E7C88001910D7 /* EntityContainerViewController.m in Sources */,
				5792618F1B0E795A001910D7 /* AlarmTableViewController.m in Sources */,
				575C36751B28AFFF00665899 /* NSData+Base64.m in Sources */,
				57C407A91B1062DC002B6FBE /* NYOBetterZoomUIScrollView.m in Sources */,
				579261A11B0F1268001910D7 /* UIView+StringIdentifiedUIView.m in Sources */,
				579261921B0E7C64001910D7 /* EntityDescViewController.m in Sources */,
				579261891B0D49EC001910D7 /* Alarm.m in Sources */,
				579261581B0CDCFC001910D7 /* AppDelegate.m in Sources */,
				579261831B0D43FC001910D7 /* DataFetcher.m in Sources */,
				5792619B1B0E9A73001910D7 /* EquipmentViewController.m in Sources */,
				5792618C1B0D567F001910D7 /* TrainTableViewController.m in Sources */,
				579261551B0CDCFC001910D7 /* main.m in Sources */,
				5792619E1B0F0B56001910D7 /* Equipment.m in Sources */,
			);
			runOnlyForDeploymentPostprocessing = 0;
		};
		579261671B0CDCFC001910D7 /* Sources */ = {
			isa = PBXSourcesBuildPhase;
			buildActionMask = 2147483647;
			files = (
				579261721B0CDCFC001910D7 /* alstom_alarmTests.m in Sources */,
			);
			runOnlyForDeploymentPostprocessing = 0;
		};
/* End PBXSourcesBuildPhase section */

/* Begin PBXTargetDependency section */
		5792616D1B0CDCFC001910D7 /* PBXTargetDependency */ = {
			isa = PBXTargetDependency;
			target = 5792614E1B0CDCFC001910D7 /* alstom-alarm */;
			targetProxy = 5792616C1B0CDCFC001910D7 /* PBXContainerItemProxy */;
		};
/* End PBXTargetDependency section */

/* Begin PBXVariantGroup section */
		5792615F1B0CDCFC001910D7 /* Main.storyboard */ = {
			isa = PBXVariantGroup;
			children = (
				579261601B0CDCFC001910D7 /* Base */,
			);
			name = Main.storyboard;
			sourceTree = "<group>";
		};
		579261641B0CDCFC001910D7 /* LaunchScreen.xib */ = {
			isa = PBXVariantGroup;
			children = (
				579261651B0CDCFC001910D7 /* Base */,
			);
			name = LaunchScreen.xib;
			sourceTree = "<group>";
		};
/* End PBXVariantGroup section */

/* Begin XCBuildConfiguration section */
		579261731B0CDCFC001910D7 /* Debug */ = {
			isa = XCBuildConfiguration;
			buildSettings = {
				ALWAYS_SEARCH_USER_PATHS = NO;
				CLANG_CXX_LANGUAGE_STANDARD = "gnu++0x";
				CLANG_CXX_LIBRARY = "libc++";
				CLANG_ENABLE_MODULES = YES;
				CLANG_ENABLE_OBJC_ARC = YES;
				CLANG_WARN_BOOL_CONVERSION = YES;
				CLANG_WARN_CONSTANT_CONVERSION = YES;
				CLANG_WARN_DIRECT_OBJC_ISA_USAGE = YES_ERROR;
				CLANG_WARN_EMPTY_BODY = YES;
				CLANG_WARN_ENUM_CONVERSION = YES;
				CLANG_WARN_INT_CONVERSION = YES;
				CLANG_WARN_OBJC_ROOT_CLASS = YES_ERROR;
				CLANG_WARN_UNREACHABLE_CODE = YES;
				CLANG_WARN__DUPLICATE_METHOD_MATCH = YES;
				"CODE_SIGN_IDENTITY[sdk=iphoneos*]" = "iPhone Developer";
				COPY_PHASE_STRIP = NO;
				DEBUG_INFORMATION_FORMAT = "dwarf-with-dsym";
				ENABLE_STRICT_OBJC_MSGSEND = YES;
				GCC_C_LANGUAGE_STANDARD = gnu99;
				GCC_DYNAMIC_NO_PIC = NO;
				GCC_NO_COMMON_BLOCKS = YES;
				GCC_OPTIMIZATION_LEVEL = 0;
				GCC_PREPROCESSOR_DEFINITIONS = (
					"DEBUG=1",
					"$(inherited)",
				);
				GCC_SYMBOLS_PRIVATE_EXTERN = NO;
				GCC_WARN_64_TO_32_BIT_CONVERSION = YES;
				GCC_WARN_ABOUT_RETURN_TYPE = YES_ERROR;
				GCC_WARN_UNDECLARED_SELECTOR = YES;
				GCC_WARN_UNINITIALIZED_AUTOS = YES_AGGRESSIVE;
				GCC_WARN_UNUSED_FUNCTION = YES;
				GCC_WARN_UNUSED_VARIABLE = YES;
				IPHONEOS_DEPLOYMENT_TARGET = 8.3;
				MTL_ENABLE_DEBUG_INFO = YES;
				ONLY_ACTIVE_ARCH = YES;
				SDKROOT = iphoneos;
				TARGETED_DEVICE_FAMILY = 2;
			};
			name = Debug;
		};
		579261741B0CDCFC001910D7 /* Release */ = {
			isa = XCBuildConfiguration;
			buildSettings = {
				ALWAYS_SEARCH_USER_PATHS = NO;
				CLANG_CXX_LANGUAGE_STANDARD = "gnu++0x";
				CLANG_CXX_LIBRARY = "libc++";
				CLANG_ENABLE_MODULES = YES;
				CLANG_ENABLE_OBJC_ARC = YES;
				CLANG_WARN_BOOL_CONVERSION = YES;
				CLANG_WARN_CONSTANT_CONVERSION = YES;
				CLANG_WARN_DIRECT_OBJC_ISA_USAGE = YES_ERROR;
				CLANG_WARN_EMPTY_BODY = YES;
				CLANG_WARN_ENUM_CONVERSION = YES;
				CLANG_WARN_INT_CONVERSION = YES;
				CLANG_WARN_OBJC_ROOT_CLASS = YES_ERROR;
				CLANG_WARN_UNREACHABLE_CODE = YES;
				CLANG_WARN__DUPLICATE_METHOD_MATCH = YES;
				"CODE_SIGN_IDENTITY[sdk=iphoneos*]" = "iPhone Developer";
				COPY_PHASE_STRIP = NO;
				DEBUG_INFORMATION_FORMAT = "dwarf-with-dsym";
				ENABLE_NS_ASSERTIONS = NO;
				ENABLE_STRICT_OBJC_MSGSEND = YES;
				GCC_C_LANGUAGE_STANDARD = gnu99;
				GCC_NO_COMMON_BLOCKS = YES;
				GCC_WARN_64_TO_32_BIT_CONVERSION = YES;
				GCC_WARN_ABOUT_RETURN_TYPE = YES_ERROR;
				GCC_WARN_UNDECLARED_SELECTOR = YES;
				GCC_WARN_UNINITIALIZED_AUTOS = YES_AGGRESSIVE;
				GCC_WARN_UNUSED_FUNCTION = YES;
				GCC_WARN_UNUSED_VARIABLE = YES;
				IPHONEOS_DEPLOYMENT_TARGET = 8.3;
				MTL_ENABLE_DEBUG_INFO = NO;
				SDKROOT = iphoneos;
				TARGETED_DEVICE_FAMILY = 2;
				VALIDATE_PRODUCT = YES;
			};
			name = Release;
		};
		579261761B0CDCFC001910D7 /* Debug */ = {
			isa = XCBuildConfiguration;
			buildSettings = {
				ASSETCATALOG_COMPILER_APPICON_NAME = AppIcon;
				INFOPLIST_FILE = "alstom-alarm/Info.plist";
				IPHONEOS_DEPLOYMENT_TARGET = 8.1;
				LD_RUNPATH_SEARCH_PATHS = "$(inherited) @executable_path/Frameworks";
				PRODUCT_NAME = "$(TARGET_NAME)";
			};
			name = Debug;
		};
		579261771B0CDCFC001910D7 /* Release */ = {
			isa = XCBuildConfiguration;
			buildSettings = {
				ASSETCATALOG_COMPILER_APPICON_NAME = AppIcon;
				INFOPLIST_FILE = "alstom-alarm/Info.plist";
				IPHONEOS_DEPLOYMENT_TARGET = 8.1;
				LD_RUNPATH_SEARCH_PATHS = "$(inherited) @executable_path/Frameworks";
				PRODUCT_NAME = "$(TARGET_NAME)";
			};
			name = Release;
		};
		579261791B0CDCFC001910D7 /* Debug */ = {
			isa = XCBuildConfiguration;
			buildSettings = {
				BUNDLE_LOADER = "$(TEST_HOST)";
				FRAMEWORK_SEARCH_PATHS = (
					"$(SDKROOT)/Developer/Library/Frameworks",
					"$(inherited)",
				);
				GCC_PREPROCESSOR_DEFINITIONS = (
					"DEBUG=1",
					"$(inherited)",
				);
				INFOPLIST_FILE = "alstom-alarmTests/Info.plist";
				LD_RUNPATH_SEARCH_PATHS = "$(inherited) @executable_path/Frameworks @loader_path/Frameworks";
				PRODUCT_NAME = "$(TARGET_NAME)";
				TEST_HOST = "$(BUILT_PRODUCTS_DIR)/alstom-alarm.app/alstom-alarm";
			};
			name = Debug;
		};
		5792617A1B0CDCFC001910D7 /* Release */ = {
			isa = XCBuildConfiguration;
			buildSettings = {
				BUNDLE_LOADER = "$(TEST_HOST)";
				FRAMEWORK_SEARCH_PATHS = (
					"$(SDKROOT)/Developer/Library/Frameworks",
					"$(inherited)",
				);
				INFOPLIST_FILE = "alstom-alarmTests/Info.plist";
				LD_RUNPATH_SEARCH_PATHS = "$(inherited) @executable_path/Frameworks @loader_path/Frameworks";
				PRODUCT_NAME = "$(TARGET_NAME)";
				TEST_HOST = "$(BUILT_PRODUCTS_DIR)/alstom-alarm.app/alstom-alarm";
			};
			name = Release;
		};
/* End XCBuildConfiguration section */

/* Begin XCConfigurationList section */
		5792614A1B0CDCFC001910D7 /* Build configuration list for PBXProject "alstom-alarm" */ = {
			isa = XCConfigurationList;
			buildConfigurations = (
				579261731B0CDCFC001910D7 /* Debug */,
				579261741B0CDCFC001910D7 /* Release */,
			);
			defaultConfigurationIsVisible = 0;
			defaultConfigurationName = Release;
		};
		579261751B0CDCFC001910D7 /* Build configuration list for PBXNativeTarget "alstom-alarm" */ = {
			isa = XCConfigurationList;
			buildConfigurations = (
				579261761B0CDCFC001910D7 /* Debug */,
				579261771B0CDCFC001910D7 /* Release */,
			);
			defaultConfigurationIsVisible = 0;
			defaultConfigurationName = Release;
		};
		579261781B0CDCFC001910D7 /* Build configuration list for PBXNativeTarget "alstom-alarmTests" */ = {
			isa = XCConfigurationList;
			buildConfigurations = (
				579261791B0CDCFC001910D7 /* Debug */,
				5792617A1B0CDCFC001910D7 /* Release */,
			);
			defaultConfigurationIsVisible = 0;
			defaultConfigurationName = Release;
		};
/* End XCConfigurationList section */
	};
	rootObject = 579261471B0CDCFC001910D7 /* Project object */;
}
