// !$*UTF8*$!
{
	archiveVersion = 1;
	classes = {
	};
	objectVersion = 46;
	objects = {

/* Begin PBXBuildFile section */
		8C065B0D1A433DB400ECC347 /* main.m in Sources */ = {isa = PBXBuildFile; fileRef = 8C065B0C1A433DB400ECC347 /* main.m */; };
		8C065B101A433DB400ECC347 /* AppDelegate.m in Sources */ = {isa = PBXBuildFile; fileRef = 8C065B0F1A433DB400ECC347 /* AppDelegate.m */; };
		8C065B131A433DB400ECC347 /* ios.xcdatamodeld in Sources */ = {isa = PBXBuildFile; fileRef = 8C065B111A433DB400ECC347 /* ios.xcdatamodeld */; };
		8C065B161A433DB400ECC347 /* ViewController.m in Sources */ = {isa = PBXBuildFile; fileRef = 8C065B151A433DB400ECC347 /* ViewController.m */; };
		8C065B191A433DB400ECC347 /* Main.storyboard in Resources */ = {isa = PBXBuildFile; fileRef = 8C065B171A433DB400ECC347 /* Main.storyboard */; };
		8C065B1B1A433DB400ECC347 /* Images.xcassets in Resources */ = {isa = PBXBuildFile; fileRef = 8C065B1A1A433DB400ECC347 /* Images.xcassets */; };
		8C065B1E1A433DB400ECC347 /* LaunchScreen.xib in Resources */ = {isa = PBXBuildFile; fileRef = 8C065B1C1A433DB400ECC347 /* LaunchScreen.xib */; };
		8C065B2A1A433DB400ECC347 /* iosTests.m in Sources */ = {isa = PBXBuildFile; fileRef = 8C065B291A433DB400ECC347 /* iosTests.m */; };
		8C065B341A433E2300ECC347 /* trenbala03.jpg in Resources */ = {isa = PBXBuildFile; fileRef = 8C065B331A433E2300ECC347 /* trenbala03.jpg */; };
		8C065B371A433E8700ECC347 /* Alstom.svg.png in Resources */ = {isa = PBXBuildFile; fileRef = 8C065B361A433E8700ECC347 /* Alstom.svg.png */; };
		8C065B391A4345BE00ECC347 /* geolocalisation.png in Resources */ = {isa = PBXBuildFile; fileRef = 8C065B381A4345BE00ECC347 /* geolocalisation.png */; };
		8C065B421A43979C00ECC347 /* MLPAutoCompleteTextField.m in Sources */ = {isa = PBXBuildFile; fileRef = 8C065B3C1A43979C00ECC347 /* MLPAutoCompleteTextField.m */; };
		8C065B431A43979C00ECC347 /* NSString+Levenshtein.m in Sources */ = {isa = PBXBuildFile; fileRef = 8C065B411A43979C00ECC347 /* NSString+Levenshtein.m */; };
		8C065B461A439C0300ECC347 /* StationsNameIdDataSource.m in Sources */ = {isa = PBXBuildFile; fileRef = 8C065B451A439C0300ECC347 /* StationsNameIdDataSource.m */; };
		8C065B4A1A439F1F00ECC347 /* DataFetcher.m in Sources */ = {isa = PBXBuildFile; fileRef = 8C065B491A439F1F00ECC347 /* DataFetcher.m */; };
		8C065B4F1A4429E500ECC347 /* AutoCompleteCell.m in Sources */ = {isa = PBXBuildFile; fileRef = 8C065B4E1A4429E500ECC347 /* AutoCompleteCell.m */; };
		8C505EEB1A45F32200635F03 /* CoreLocation.framework in Frameworks */ = {isa = PBXBuildFile; fileRef = 8C505EEA1A45F32200635F03 /* CoreLocation.framework */; };
		8CF6A6DC1A52F27700E425FF /* wagon-small.png in Resources */ = {isa = PBXBuildFile; fileRef = 8CF6A6DB1A52F27700E425FF /* wagon-small.png */; };
		8CF6A6DE1A52F28E00E425FF /* avant-small.png in Resources */ = {isa = PBXBuildFile; fileRef = 8CF6A6DD1A52F28E00E425FF /* avant-small.png */; };
		8CF719A61A48714E00490186 /* GeoStationsIdDataSource.m in Sources */ = {isa = PBXBuildFile; fileRef = 8CF719A51A48714E00490186 /* GeoStationsIdDataSource.m */; };
		8CF719A91A4938D800490186 /* TrainsViewController.m in Sources */ = {isa = PBXBuildFile; fileRef = 8CF719A81A4938D800490186 /* TrainsViewController.m */; };
		8CF719B01A495F4100490186 /* Train.m in Sources */ = {isa = PBXBuildFile; fileRef = 8CF719AF1A495F4100490186 /* Train.m */; };
		8CF719B31A49E49800490186 /* UICollectionedTableViewCell.m in Sources */ = {isa = PBXBuildFile; fileRef = 8CF719B21A49E49800490186 /* UICollectionedTableViewCell.m */; };
/* End PBXBuildFile section */

/* Begin PBXContainerItemProxy section */
		8C065B241A433DB400ECC347 /* PBXContainerItemProxy */ = {
			isa = PBXContainerItemProxy;
			containerPortal = 8C065AFF1A433DB400ECC347 /* Project object */;
			proxyType = 1;
			remoteGlobalIDString = 8C065B061A433DB400ECC347;
			remoteInfo = ios;
		};
/* End PBXContainerItemProxy section */

/* Begin PBXFileReference section */
		8C065B071A433DB400ECC347 /* ios.app */ = {isa = PBXFileReference; explicitFileType = wrapper.application; includeInIndex = 0; path = ios.app; sourceTree = BUILT_PRODUCTS_DIR; };
		8C065B0B1A433DB400ECC347 /* Info.plist */ = {isa = PBXFileReference; lastKnownFileType = text.plist.xml; path = Info.plist; sourceTree = "<group>"; };
		8C065B0C1A433DB400ECC347 /* main.m */ = {isa = PBXFileReference; lastKnownFileType = sourcecode.c.objc; path = main.m; sourceTree = "<group>"; };
		8C065B0E1A433DB400ECC347 /* AppDelegate.h */ = {isa = PBXFileReference; lastKnownFileType = sourcecode.c.h; path = AppDelegate.h; sourceTree = "<group>"; };
		8C065B0F1A433DB400ECC347 /* AppDelegate.m */ = {isa = PBXFileReference; lastKnownFileType = sourcecode.c.objc; path = AppDelegate.m; sourceTree = "<group>"; };
		8C065B121A433DB400ECC347 /* ios.xcdatamodel */ = {isa = PBXFileReference; lastKnownFileType = wrapper.xcdatamodel; path = ios.xcdatamodel; sourceTree = "<group>"; };
		8C065B141A433DB400ECC347 /* ViewController.h */ = {isa = PBXFileReference; lastKnownFileType = sourcecode.c.h; path = ViewController.h; sourceTree = "<group>"; };
		8C065B151A433DB400ECC347 /* ViewController.m */ = {isa = PBXFileReference; lastKnownFileType = sourcecode.c.objc; path = ViewController.m; sourceTree = "<group>"; };
		8C065B181A433DB400ECC347 /* Base */ = {isa = PBXFileReference; lastKnownFileType = file.storyboard; name = Base; path = Base.lproj/Main.storyboard; sourceTree = "<group>"; };
		8C065B1A1A433DB400ECC347 /* Images.xcassets */ = {isa = PBXFileReference; lastKnownFileType = folder.assetcatalog; path = Images.xcassets; sourceTree = "<group>"; };
		8C065B1D1A433DB400ECC347 /* Base */ = {isa = PBXFileReference; lastKnownFileType = file.xib; name = Base; path = Base.lproj/LaunchScreen.xib; sourceTree = "<group>"; };
		8C065B231A433DB400ECC347 /* iosTests.xctest */ = {isa = PBXFileReference; explicitFileType = wrapper.cfbundle; includeInIndex = 0; path = iosTests.xctest; sourceTree = BUILT_PRODUCTS_DIR; };
		8C065B281A433DB400ECC347 /* Info.plist */ = {isa = PBXFileReference; lastKnownFileType = text.plist.xml; path = Info.plist; sourceTree = "<group>"; };
		8C065B291A433DB400ECC347 /* iosTests.m */ = {isa = PBXFileReference; lastKnownFileType = sourcecode.c.objc; path = iosTests.m; sourceTree = "<group>"; };
		8C065B331A433E2300ECC347 /* trenbala03.jpg */ = {isa = PBXFileReference; lastKnownFileType = image.jpeg; path = trenbala03.jpg; sourceTree = "<group>"; };
		8C065B361A433E8700ECC347 /* Alstom.svg.png */ = {isa = PBXFileReference; lastKnownFileType = image.png; path = Alstom.svg.png; sourceTree = "<group>"; };
		8C065B381A4345BE00ECC347 /* geolocalisation.png */ = {isa = PBXFileReference; lastKnownFileType = image.png; path = geolocalisation.png; sourceTree = "<group>"; };
		8C065B3B1A43979C00ECC347 /* MLPAutoCompleteTextField.h */ = {isa = PBXFileReference; fileEncoding = 4; lastKnownFileType = sourcecode.c.h; path = MLPAutoCompleteTextField.h; sourceTree = "<group>"; };
		8C065B3C1A43979C00ECC347 /* MLPAutoCompleteTextField.m */ = {isa = PBXFileReference; fileEncoding = 4; lastKnownFileType = sourcecode.c.objc; path = MLPAutoCompleteTextField.m; sourceTree = "<group>"; };
		8C065B3D1A43979C00ECC347 /* MLPAutoCompleteTextFieldDataSource.h */ = {isa = PBXFileReference; fileEncoding = 4; lastKnownFileType = sourcecode.c.h; path = MLPAutoCompleteTextFieldDataSource.h; sourceTree = "<group>"; };
		8C065B3E1A43979C00ECC347 /* MLPAutoCompleteTextFieldDelegate.h */ = {isa = PBXFileReference; fileEncoding = 4; lastKnownFileType = sourcecode.c.h; path = MLPAutoCompleteTextFieldDelegate.h; sourceTree = "<group>"; };
		8C065B3F1A43979C00ECC347 /* MLPAutoCompletionObject.h */ = {isa = PBXFileReference; fileEncoding = 4; lastKnownFileType = sourcecode.c.h; path = MLPAutoCompletionObject.h; sourceTree = "<group>"; };
		8C065B401A43979C00ECC347 /* NSString+Levenshtein.h */ = {isa = PBXFileReference; fileEncoding = 4; lastKnownFileType = sourcecode.c.h; path = "NSString+Levenshtein.h"; sourceTree = "<group>"; };
		8C065B411A43979C00ECC347 /* NSString+Levenshtein.m */ = {isa = PBXFileReference; fileEncoding = 4; lastKnownFileType = sourcecode.c.objc; path = "NSString+Levenshtein.m"; sourceTree = "<group>"; };
		8C065B451A439C0300ECC347 /* StationsNameIdDataSource.m */ = {isa = PBXFileReference; fileEncoding = 4; lastKnownFileType = sourcecode.c.objc; path = StationsNameIdDataSource.m; sourceTree = "<group>"; };
		8C065B481A439D9100ECC347 /* StationsNameIdDataSource.h */ = {isa = PBXFileReference; lastKnownFileType = sourcecode.c.h; path = StationsNameIdDataSource.h; sourceTree = "<group>"; };
		8C065B491A439F1F00ECC347 /* DataFetcher.m */ = {isa = PBXFileReference; fileEncoding = 4; lastKnownFileType = sourcecode.c.objc; path = DataFetcher.m; sourceTree = "<group>"; };
		8C065B4B1A439F3400ECC347 /* DataFetcher.h */ = {isa = PBXFileReference; lastKnownFileType = sourcecode.c.h; path = DataFetcher.h; sourceTree = "<group>"; };
		8C065B4D1A4429E500ECC347 /* AutoCompleteCell.h */ = {isa = PBXFileReference; fileEncoding = 4; lastKnownFileType = sourcecode.c.h; path = AutoCompleteCell.h; sourceTree = "<group>"; };
		8C065B4E1A4429E500ECC347 /* AutoCompleteCell.m */ = {isa = PBXFileReference; fileEncoding = 4; lastKnownFileType = sourcecode.c.objc; path = AutoCompleteCell.m; sourceTree = "<group>"; };
		8C505EEA1A45F32200635F03 /* CoreLocation.framework */ = {isa = PBXFileReference; lastKnownFileType = wrapper.framework; name = CoreLocation.framework; path = System/Library/Frameworks/CoreLocation.framework; sourceTree = SDKROOT; };
		8CF6A6DB1A52F27700E425FF /* wagon-small.png */ = {isa = PBXFileReference; lastKnownFileType = image.png; path = "wagon-small.png"; sourceTree = "<group>"; };
		8CF6A6DD1A52F28E00E425FF /* avant-small.png */ = {isa = PBXFileReference; lastKnownFileType = image.png; path = "avant-small.png"; sourceTree = "<group>"; };
		8CF719A51A48714E00490186 /* GeoStationsIdDataSource.m */ = {isa = PBXFileReference; fileEncoding = 4; lastKnownFileType = sourcecode.c.objc; path = GeoStationsIdDataSource.m; sourceTree = "<group>"; };
		8CF719A71A48715B00490186 /* GeoStationsIdDataSource.h */ = {isa = PBXFileReference; lastKnownFileType = sourcecode.c.h; path = GeoStationsIdDataSource.h; sourceTree = "<group>"; };
		8CF719A81A4938D800490186 /* TrainsViewController.m */ = {isa = PBXFileReference; fileEncoding = 4; lastKnownFileType = sourcecode.c.objc; path = TrainsViewController.m; sourceTree = "<group>"; };
		8CF719AA1A49392500490186 /* TrainsViewController.h */ = {isa = PBXFileReference; lastKnownFileType = sourcecode.c.h; path = TrainsViewController.h; sourceTree = "<group>"; };
		8CF719AE1A495F4100490186 /* Train.h */ = {isa = PBXFileReference; fileEncoding = 4; lastKnownFileType = sourcecode.c.h; path = Train.h; sourceTree = "<group>"; };
		8CF719AF1A495F4100490186 /* Train.m */ = {isa = PBXFileReference; fileEncoding = 4; lastKnownFileType = sourcecode.c.objc; path = Train.m; sourceTree = "<group>"; };
		8CF719B11A49E49800490186 /* UICollectionedTableViewCell.h */ = {isa = PBXFileReference; fileEncoding = 4; lastKnownFileType = sourcecode.c.h; path = UICollectionedTableViewCell.h; sourceTree = "<group>"; };
		8CF719B21A49E49800490186 /* UICollectionedTableViewCell.m */ = {isa = PBXFileReference; fileEncoding = 4; lastKnownFileType = sourcecode.c.objc; path = UICollectionedTableViewCell.m; sourceTree = "<group>"; };
/* End PBXFileReference section */

/* Begin PBXFrameworksBuildPhase section */
		8C065B041A433DB400ECC347 /* Frameworks */ = {
			isa = PBXFrameworksBuildPhase;
			buildActionMask = 2147483647;
			files = (
				8C505EEB1A45F32200635F03 /* CoreLocation.framework in Frameworks */,
			);
			runOnlyForDeploymentPostprocessing = 0;
		};
		8C065B201A433DB400ECC347 /* Frameworks */ = {
			isa = PBXFrameworksBuildPhase;
			buildActionMask = 2147483647;
			files = (
			);
			runOnlyForDeploymentPostprocessing = 0;
		};
/* End PBXFrameworksBuildPhase section */

/* Begin PBXGroup section */
		8C065AFE1A433DB400ECC347 = {
			isa = PBXGroup;
			children = (
				8C505EEA1A45F32200635F03 /* CoreLocation.framework */,
				8C065B091A433DB400ECC347 /* ios */,
				8C065B261A433DB400ECC347 /* iosTests */,
				8C065B081A433DB400ECC347 /* Products */,
			);
			sourceTree = "<group>";
		};
		8C065B081A433DB400ECC347 /* Products */ = {
			isa = PBXGroup;
			children = (
				8C065B071A433DB400ECC347 /* ios.app */,
				8C065B231A433DB400ECC347 /* iosTests.xctest */,
			);
			name = Products;
			sourceTree = "<group>";
		};
		8C065B091A433DB400ECC347 /* ios */ = {
			isa = PBXGroup;
			children = (
				8C065B4C1A4429DC00ECC347 /* utility */,
				8C065B441A439BDD00ECC347 /* models */,
				8C065B351A433E3400ECC347 /* res */,
				8C065B0E1A433DB400ECC347 /* AppDelegate.h */,
				8C065B0F1A433DB400ECC347 /* AppDelegate.m */,
				8C065B141A433DB400ECC347 /* ViewController.h */,
				8C065B151A433DB400ECC347 /* ViewController.m */,
				8C065B171A433DB400ECC347 /* Main.storyboard */,
				8CF719A81A4938D800490186 /* TrainsViewController.m */,
				8CF719AA1A49392500490186 /* TrainsViewController.h */,
				8C065B1A1A433DB400ECC347 /* Images.xcassets */,
				8C065B1C1A433DB400ECC347 /* LaunchScreen.xib */,
				8C065B111A433DB400ECC347 /* ios.xcdatamodeld */,
				8C065B0A1A433DB400ECC347 /* Supporting Files */,
			);
			path = ios;
			sourceTree = "<group>";
		};
		8C065B0A1A433DB400ECC347 /* Supporting Files */ = {
			isa = PBXGroup;
			children = (
				8C065B3A1A43979C00ECC347 /* MLPAutoCompleteTextField */,
				8C065B0B1A433DB400ECC347 /* Info.plist */,
				8C065B0C1A433DB400ECC347 /* main.m */,
			);
			name = "Supporting Files";
			sourceTree = "<group>";
		};
		8C065B261A433DB400ECC347 /* iosTests */ = {
			isa = PBXGroup;
			children = (
				8C065B291A433DB400ECC347 /* iosTests.m */,
				8C065B271A433DB400ECC347 /* Supporting Files */,
			);
			path = iosTests;
			sourceTree = "<group>";
		};
		8C065B271A433DB400ECC347 /* Supporting Files */ = {
			isa = PBXGroup;
			children = (
				8C065B281A433DB400ECC347 /* Info.plist */,
			);
			name = "Supporting Files";
			sourceTree = "<group>";
		};
		8C065B351A433E3400ECC347 /* res */ = {
			isa = PBXGroup;
			children = (
				8CF6A6DD1A52F28E00E425FF /* avant-small.png */,
				8CF6A6DB1A52F27700E425FF /* wagon-small.png */,
				8C065B381A4345BE00ECC347 /* geolocalisation.png */,
				8C065B331A433E2300ECC347 /* trenbala03.jpg */,
				8C065B361A433E8700ECC347 /* Alstom.svg.png */,
			);
			name = res;
			sourceTree = "<group>";
		};
		8C065B3A1A43979C00ECC347 /* MLPAutoCompleteTextField */ = {
			isa = PBXGroup;
			children = (
				8C065B3B1A43979C00ECC347 /* MLPAutoCompleteTextField.h */,
				8C065B3C1A43979C00ECC347 /* MLPAutoCompleteTextField.m */,
				8C065B3D1A43979C00ECC347 /* MLPAutoCompleteTextFieldDataSource.h */,
				8C065B3E1A43979C00ECC347 /* MLPAutoCompleteTextFieldDelegate.h */,
				8C065B3F1A43979C00ECC347 /* MLPAutoCompletionObject.h */,
				8C065B401A43979C00ECC347 /* NSString+Levenshtein.h */,
				8C065B411A43979C00ECC347 /* NSString+Levenshtein.m */,
			);
			path = MLPAutoCompleteTextField;
			sourceTree = "<group>";
		};
		8C065B441A439BDD00ECC347 /* models */ = {
			isa = PBXGroup;
			children = (
				8C065B451A439C0300ECC347 /* StationsNameIdDataSource.m */,
				8C065B481A439D9100ECC347 /* StationsNameIdDataSource.h */,
				8C065B491A439F1F00ECC347 /* DataFetcher.m */,
				8C065B4B1A439F3400ECC347 /* DataFetcher.h */,
				8CF719A51A48714E00490186 /* GeoStationsIdDataSource.m */,
				8CF719A71A48715B00490186 /* GeoStationsIdDataSource.h */,
				8CF719AE1A495F4100490186 /* Train.h */,
				8CF719AF1A495F4100490186 /* Train.m */,
			);
			name = models;
			sourceTree = "<group>";
		};
		8C065B4C1A4429DC00ECC347 /* utility */ = {
			isa = PBXGroup;
			children = (
				8C065B4D1A4429E500ECC347 /* AutoCompleteCell.h */,
				8C065B4E1A4429E500ECC347 /* AutoCompleteCell.m */,
				8CF719B11A49E49800490186 /* UICollectionedTableViewCell.h */,
				8CF719B21A49E49800490186 /* UICollectionedTableViewCell.m */,
			);
			name = utility;
			sourceTree = "<group>";
		};
/* End PBXGroup section */

/* Begin PBXNativeTarget section */
		8C065B061A433DB400ECC347 /* ios */ = {
			isa = PBXNativeTarget;
			buildConfigurationList = 8C065B2D1A433DB400ECC347 /* Build configuration list for PBXNativeTarget "ios" */;
			buildPhases = (
				8C065B031A433DB400ECC347 /* Sources */,
				8C065B041A433DB400ECC347 /* Frameworks */,
				8C065B051A433DB400ECC347 /* Resources */,
			);
			buildRules = (
			);
			dependencies = (
			);
			name = ios;
			productName = ios;
			productReference = 8C065B071A433DB400ECC347 /* ios.app */;
			productType = "com.apple.product-type.application";
		};
		8C065B221A433DB400ECC347 /* iosTests */ = {
			isa = PBXNativeTarget;
			buildConfigurationList = 8C065B301A433DB400ECC347 /* Build configuration list for PBXNativeTarget "iosTests" */;
			buildPhases = (
				8C065B1F1A433DB400ECC347 /* Sources */,
				8C065B201A433DB400ECC347 /* Frameworks */,
				8C065B211A433DB400ECC347 /* Resources */,
			);
			buildRules = (
			);
			dependencies = (
				8C065B251A433DB400ECC347 /* PBXTargetDependency */,
			);
			name = iosTests;
			productName = iosTests;
			productReference = 8C065B231A433DB400ECC347 /* iosTests.xctest */;
			productType = "com.apple.product-type.bundle.unit-test";
		};
/* End PBXNativeTarget section */

/* Begin PBXProject section */
		8C065AFF1A433DB400ECC347 /* Project object */ = {
			isa = PBXProject;
			attributes = {
				LastUpgradeCheck = 0610;
				ORGANIZATIONNAME = Alstom;
				TargetAttributes = {
					8C065B061A433DB400ECC347 = {
						CreatedOnToolsVersion = 6.1.1;
					};
					8C065B221A433DB400ECC347 = {
						CreatedOnToolsVersion = 6.1.1;
						TestTargetID = 8C065B061A433DB400ECC347;
					};
				};
			};
			buildConfigurationList = 8C065B021A433DB400ECC347 /* Build configuration list for PBXProject "ios" */;
			compatibilityVersion = "Xcode 3.2";
			developmentRegion = English;
			hasScannedForEncodings = 0;
			knownRegions = (
				en,
				Base,
			);
			mainGroup = 8C065AFE1A433DB400ECC347;
			productRefGroup = 8C065B081A433DB400ECC347 /* Products */;
			projectDirPath = "";
			projectRoot = "";
			targets = (
				8C065B061A433DB400ECC347 /* ios */,
				8C065B221A433DB400ECC347 /* iosTests */,
			);
		};
/* End PBXProject section */

/* Begin PBXResourcesBuildPhase section */
		8C065B051A433DB400ECC347 /* Resources */ = {
			isa = PBXResourcesBuildPhase;
			buildActionMask = 2147483647;
			files = (
				8C065B191A433DB400ECC347 /* Main.storyboard in Resources */,
				8C065B371A433E8700ECC347 /* Alstom.svg.png in Resources */,
				8CF6A6DE1A52F28E00E425FF /* avant-small.png in Resources */,
				8C065B341A433E2300ECC347 /* trenbala03.jpg in Resources */,
				8C065B391A4345BE00ECC347 /* geolocalisation.png in Resources */,
				8CF6A6DC1A52F27700E425FF /* wagon-small.png in Resources */,
				8C065B1E1A433DB400ECC347 /* LaunchScreen.xib in Resources */,
				8C065B1B1A433DB400ECC347 /* Images.xcassets in Resources */,
			);
			runOnlyForDeploymentPostprocessing = 0;
		};
		8C065B211A433DB400ECC347 /* Resources */ = {
			isa = PBXResourcesBuildPhase;
			buildActionMask = 2147483647;
			files = (
			);
			runOnlyForDeploymentPostprocessing = 0;
		};
/* End PBXResourcesBuildPhase section */

/* Begin PBXSourcesBuildPhase section */
		8C065B031A433DB400ECC347 /* Sources */ = {
			isa = PBXSourcesBuildPhase;
			buildActionMask = 2147483647;
			files = (
				8CF719B01A495F4100490186 /* Train.m in Sources */,
				8CF719A61A48714E00490186 /* GeoStationsIdDataSource.m in Sources */,
				8C065B461A439C0300ECC347 /* StationsNameIdDataSource.m in Sources */,
				8C065B131A433DB400ECC347 /* ios.xcdatamodeld in Sources */,
				8C065B101A433DB400ECC347 /* AppDelegate.m in Sources */,
				8C065B4A1A439F1F00ECC347 /* DataFetcher.m in Sources */,
				8C065B161A433DB400ECC347 /* ViewController.m in Sources */,
				8C065B431A43979C00ECC347 /* NSString+Levenshtein.m in Sources */,
				8C065B4F1A4429E500ECC347 /* AutoCompleteCell.m in Sources */,
				8C065B0D1A433DB400ECC347 /* main.m in Sources */,
				8CF719B31A49E49800490186 /* UICollectionedTableViewCell.m in Sources */,
				8C065B421A43979C00ECC347 /* MLPAutoCompleteTextField.m in Sources */,
				8CF719A91A4938D800490186 /* TrainsViewController.m in Sources */,
			);
			runOnlyForDeploymentPostprocessing = 0;
		};
		8C065B1F1A433DB400ECC347 /* Sources */ = {
			isa = PBXSourcesBuildPhase;
			buildActionMask = 2147483647;
			files = (
				8C065B2A1A433DB400ECC347 /* iosTests.m in Sources */,
			);
			runOnlyForDeploymentPostprocessing = 0;
		};
/* End PBXSourcesBuildPhase section */

/* Begin PBXTargetDependency section */
		8C065B251A433DB400ECC347 /* PBXTargetDependency */ = {
			isa = PBXTargetDependency;
			target = 8C065B061A433DB400ECC347 /* ios */;
			targetProxy = 8C065B241A433DB400ECC347 /* PBXContainerItemProxy */;
		};
/* End PBXTargetDependency section */

/* Begin PBXVariantGroup section */
		8C065B171A433DB400ECC347 /* Main.storyboard */ = {
			isa = PBXVariantGroup;
			children = (
				8C065B181A433DB400ECC347 /* Base */,
			);
			name = Main.storyboard;
			sourceTree = "<group>";
		};
		8C065B1C1A433DB400ECC347 /* LaunchScreen.xib */ = {
			isa = PBXVariantGroup;
			children = (
				8C065B1D1A433DB400ECC347 /* Base */,
			);
			name = LaunchScreen.xib;
			sourceTree = "<group>";
		};
/* End PBXVariantGroup section */

/* Begin XCBuildConfiguration section */
		8C065B2B1A433DB400ECC347 /* Debug */ = {
			isa = XCBuildConfiguration;
			buildSettings = {
				ALWAYS_SEARCH_USER_PATHS = NO;
				CLANG_CXX_LANGUAGE_STANDARD = "gnu++0x";
				CLANG_CXX_LIBRARY = "libc++";
				CLANG_ENABLE_MODULES = YES;
				CLANG_ENABLE_OBJC_ARC = YES;
				CLANG_WARN_BOOL_CONVERSION = YES;
				CLANG_WARN_CONSTANT_CONVERSION = YES;
				CLANG_WARN_DIRECT_OBJC_ISA_USAGE = YES_ERROR;
				CLANG_WARN_EMPTY_BODY = YES;
				CLANG_WARN_ENUM_CONVERSION = YES;
				CLANG_WARN_INT_CONVERSION = YES;
				CLANG_WARN_OBJC_ROOT_CLASS = YES_ERROR;
				CLANG_WARN_UNREACHABLE_CODE = YES;
				CLANG_WARN__DUPLICATE_METHOD_MATCH = YES;
				"CODE_SIGN_IDENTITY[sdk=iphoneos*]" = "iPhone Developer";
				COPY_PHASE_STRIP = NO;
				ENABLE_STRICT_OBJC_MSGSEND = YES;
				GCC_C_LANGUAGE_STANDARD = gnu99;
				GCC_DYNAMIC_NO_PIC = NO;
				GCC_OPTIMIZATION_LEVEL = 0;
				GCC_PREPROCESSOR_DEFINITIONS = (
					"DEBUG=1",
					"$(inherited)",
				);
				GCC_SYMBOLS_PRIVATE_EXTERN = NO;
				GCC_WARN_64_TO_32_BIT_CONVERSION = YES;
				GCC_WARN_ABOUT_RETURN_TYPE = YES_ERROR;
				GCC_WARN_UNDECLARED_SELECTOR = YES;
				GCC_WARN_UNINITIALIZED_AUTOS = YES_AGGRESSIVE;
				GCC_WARN_UNUSED_FUNCTION = YES;
				GCC_WARN_UNUSED_VARIABLE = YES;
				IPHONEOS_DEPLOYMENT_TARGET = 8.1;
				MTL_ENABLE_DEBUG_INFO = YES;
				ONLY_ACTIVE_ARCH = YES;
				SDKROOT = iphoneos;
			};
			name = Debug;
		};
		8C065B2C1A433DB400ECC347 /* Release */ = {
			isa = XCBuildConfiguration;
			buildSettings = {
				ALWAYS_SEARCH_USER_PATHS = NO;
				CLANG_CXX_LANGUAGE_STANDARD = "gnu++0x";
				CLANG_CXX_LIBRARY = "libc++";
				CLANG_ENABLE_MODULES = YES;
				CLANG_ENABLE_OBJC_ARC = YES;
				CLANG_WARN_BOOL_CONVERSION = YES;
				CLANG_WARN_CONSTANT_CONVERSION = YES;
				CLANG_WARN_DIRECT_OBJC_ISA_USAGE = YES_ERROR;
				CLANG_WARN_EMPTY_BODY = YES;
				CLANG_WARN_ENUM_CONVERSION = YES;
				CLANG_WARN_INT_CONVERSION = YES;
				CLANG_WARN_OBJC_ROOT_CLASS = YES_ERROR;
				CLANG_WARN_UNREACHABLE_CODE = YES;
				CLANG_WARN__DUPLICATE_METHOD_MATCH = YES;
				"CODE_SIGN_IDENTITY[sdk=iphoneos*]" = "iPhone Developer";
				COPY_PHASE_STRIP = YES;
				ENABLE_NS_ASSERTIONS = NO;
				ENABLE_STRICT_OBJC_MSGSEND = YES;
				GCC_C_LANGUAGE_STANDARD = gnu99;
				GCC_WARN_64_TO_32_BIT_CONVERSION = YES;
				GCC_WARN_ABOUT_RETURN_TYPE = YES_ERROR;
				GCC_WARN_UNDECLARED_SELECTOR = YES;
				GCC_WARN_UNINITIALIZED_AUTOS = YES_AGGRESSIVE;
				GCC_WARN_UNUSED_FUNCTION = YES;
				GCC_WARN_UNUSED_VARIABLE = YES;
				IPHONEOS_DEPLOYMENT_TARGET = 8.1;
				MTL_ENABLE_DEBUG_INFO = NO;
				SDKROOT = iphoneos;
				VALIDATE_PRODUCT = YES;
			};
			name = Release;
		};
		8C065B2E1A433DB400ECC347 /* Debug */ = {
			isa = XCBuildConfiguration;
			buildSettings = {
				ASSETCATALOG_COMPILER_APPICON_NAME = AppIcon;
				INFOPLIST_FILE = ios/Info.plist;
				LD_RUNPATH_SEARCH_PATHS = "$(inherited) @executable_path/Frameworks";
				PRODUCT_NAME = "$(TARGET_NAME)";
				TARGETED_DEVICE_FAMILY = 1;
			};
			name = Debug;
		};
		8C065B2F1A433DB400ECC347 /* Release */ = {
			isa = XCBuildConfiguration;
			buildSettings = {
				ASSETCATALOG_COMPILER_APPICON_NAME = AppIcon;
				INFOPLIST_FILE = ios/Info.plist;
				LD_RUNPATH_SEARCH_PATHS = "$(inherited) @executable_path/Frameworks";
				PRODUCT_NAME = "$(TARGET_NAME)";
				TARGETED_DEVICE_FAMILY = 1;
			};
			name = Release;
		};
		8C065B311A433DB400ECC347 /* Debug */ = {
			isa = XCBuildConfiguration;
			buildSettings = {
				BUNDLE_LOADER = "$(TEST_HOST)";
				FRAMEWORK_SEARCH_PATHS = (
					"$(SDKROOT)/Developer/Library/Frameworks",
					"$(inherited)",
				);
				GCC_PREPROCESSOR_DEFINITIONS = (
					"DEBUG=1",
					"$(inherited)",
				);
				INFOPLIST_FILE = iosTests/Info.plist;
				LD_RUNPATH_SEARCH_PATHS = "$(inherited) @executable_path/Frameworks @loader_path/Frameworks";
				PRODUCT_NAME = "$(TARGET_NAME)";
				TEST_HOST = "$(BUILT_PRODUCTS_DIR)/ios.app/ios";
			};
			name = Debug;
		};
		8C065B321A433DB400ECC347 /* Release */ = {
			isa = XCBuildConfiguration;
			buildSettings = {
				BUNDLE_LOADER = "$(TEST_HOST)";
				FRAMEWORK_SEARCH_PATHS = (
					"$(SDKROOT)/Developer/Library/Frameworks",
					"$(inherited)",
				);
				INFOPLIST_FILE = iosTests/Info.plist;
				LD_RUNPATH_SEARCH_PATHS = "$(inherited) @executable_path/Frameworks @loader_path/Frameworks";
				PRODUCT_NAME = "$(TARGET_NAME)";
				TEST_HOST = "$(BUILT_PRODUCTS_DIR)/ios.app/ios";
			};
			name = Release;
		};
/* End XCBuildConfiguration section */

/* Begin XCConfigurationList section */
		8C065B021A433DB400ECC347 /* Build configuration list for PBXProject "ios" */ = {
			isa = XCConfigurationList;
			buildConfigurations = (
				8C065B2B1A433DB400ECC347 /* Debug */,
				8C065B2C1A433DB400ECC347 /* Release */,
			);
			defaultConfigurationIsVisible = 0;
			defaultConfigurationName = Release;
		};
		8C065B2D1A433DB400ECC347 /* Build configuration list for PBXNativeTarget "ios" */ = {
			isa = XCConfigurationList;
			buildConfigurations = (
				8C065B2E1A433DB400ECC347 /* Debug */,
				8C065B2F1A433DB400ECC347 /* Release */,
			);
			defaultConfigurationIsVisible = 0;
			defaultConfigurationName = Release;
		};
		8C065B301A433DB400ECC347 /* Build configuration list for PBXNativeTarget "iosTests" */ = {
			isa = XCConfigurationList;
			buildConfigurations = (
				8C065B311A433DB400ECC347 /* Debug */,
				8C065B321A433DB400ECC347 /* Release */,
			);
			defaultConfigurationIsVisible = 0;
			defaultConfigurationName = Release;
		};
/* End XCConfigurationList section */

/* Begin XCVersionGroup section */
		8C065B111A433DB400ECC347 /* ios.xcdatamodeld */ = {
			isa = XCVersionGroup;
			children = (
				8C065B121A433DB400ECC347 /* ios.xcdatamodel */,
			);
			currentVersion = 8C065B121A433DB400ECC347 /* ios.xcdatamodel */;
			path = ios.xcdatamodeld;
			sourceTree = "<group>";
			versionGroupType = wrapper.xcdatamodel;
		};
/* End XCVersionGroup section */
	};
	rootObject = 8C065AFF1A433DB400ECC347 /* Project object */;
}
